
Microsoft Visual Studio Solution File, Format Version 12.00
# Visual Studio Version 16
VisualStudioVersion = 16.0.31112.23
MinimumVisualStudioVersion = 10.0.40219.1
Project("{FAE04EC0-301F-11D3-BF4B-00C04F79EFBC}") = "Kernel", "Kernel.csproj", "{5291BCEA-999A-4508-A305-C3DAC477F498}"
EndProject
Global
	GlobalSection(SolutionConfigurationPlatforms) = preSolution
		Debug|Any CPU = Debug|Any CPU
		Release|Any CPU = Release|Any CPU
	EndGlobalSection
	GlobalSection(ProjectConfigurationPlatforms) = postSolution
		{5291BCEA-999A-4508-A305-C3DAC477F498}.Debug|Any CPU.ActiveCfg = Debug|Any CPU
		{5291BCEA-999A-4508-A305-C3DAC477F498}.Debug|Any CPU.Build.0 = Debug|Any CPU
		{5291BCEA-999A-4508-A305-C3DAC477F498}.Release|Any CPU.ActiveCfg = Release|Any CPU
		{5291BCEA-999A-4508-A305-C3DAC477F498}.Release|Any CPU.Build.0 = Release|Any CPU
	EndGlobalSection
	GlobalSection(SolutionProperties) = preSolution
		HideSolutionNode = FALSE
	EndGlobalSection
	GlobalSection(ExtensibilityGlobals) = postSolution
		SolutionGuid = {77531802-E402-4915-9F77-4425EBDBA41A}
	EndGlobalSection
EndGlobal
